// !$*UTF8*$!
{
	archiveVersion = 1;
	classes = {
	};
	objectVersion = 55;
	objects = {

/* Begin PBXBuildFile section */
		833ACB1E2931A3FE00D8823D /* TopsTableViewController.swift in Sources */ = {isa = PBXBuildFile; fileRef = 833ACB1D2931A3FE00D8823D /* TopsTableViewController.swift */; };
		833ACB202931A44300D8823D /* AddOutfitViewController.swift in Sources */ = {isa = PBXBuildFile; fileRef = 833ACB1F2931A44300D8823D /* AddOutfitViewController.swift */; };
		833ACB222931C37200D8823D /* BottomsTableViewController.swift in Sources */ = {isa = PBXBuildFile; fileRef = 833ACB212931C37200D8823D /* BottomsTableViewController.swift */; };
		833ACB242931C3AC00D8823D /* ShoesTableViewController.swift in Sources */ = {isa = PBXBuildFile; fileRef = 833ACB232931C3AC00D8823D /* ShoesTableViewController.swift */; };
		833ACB262931C3E300D8823D /* OuterwearTableViewController.swift in Sources */ = {isa = PBXBuildFile; fileRef = 833ACB252931C3E300D8823D /* OuterwearTableViewController.swift */; };
		833ACB2A2931C82000D8823D /* OutfitsCollectionView.swift in Sources */ = {isa = PBXBuildFile; fileRef = 833ACB292931C82000D8823D /* OutfitsCollectionView.swift */; };
		833ACB2C2931C89300D8823D /* OutfitsCollectionViewCell.swift in Sources */ = {isa = PBXBuildFile; fileRef = 833ACB2B2931C89300D8823D /* OutfitsCollectionViewCell.swift */; };
		833ACB2F2931D0DC00D8823D /* Weather.swift in Sources */ = {isa = PBXBuildFile; fileRef = 833ACB2E2931D0DC00D8823D /* Weather.swift */; };
		833ACB312932A56C00D8823D /* GarmentTableViewCell.swift in Sources */ = {isa = PBXBuildFile; fileRef = 833ACB302932A56C00D8823D /* GarmentTableViewCell.swift */; };
		836A5467292D90C700F7DD41 /* FirebaseAuth in Frameworks */ = {isa = PBXBuildFile; productRef = 836A5466292D90C700F7DD41 /* FirebaseAuth */; };
		836A5469292D90C700F7DD41 /* FirebaseFirestoreSwift in Frameworks */ = {isa = PBXBuildFile; productRef = 836A5468292D90C700F7DD41 /* FirebaseFirestoreSwift */; };
		836A546B292D90C700F7DD41 /* FirebaseStorage in Frameworks */ = {isa = PBXBuildFile; productRef = 836A546A292D90C700F7DD41 /* FirebaseStorage */; };
		836A546D292DA13C00F7DD41 /* SignUpViewController.swift in Sources */ = {isa = PBXBuildFile; fileRef = 836A546C292DA13C00F7DD41 /* SignUpViewController.swift */; };
		836A546F292DA17B00F7DD41 /* WelcomeViewController.swift in Sources */ = {isa = PBXBuildFile; fileRef = 836A546E292DA17B00F7DD41 /* WelcomeViewController.swift */; };
		836A5471292F29DE00F7DD41 /* AddGarmentViewController.swift in Sources */ = {isa = PBXBuildFile; fileRef = 836A5470292F29DE00F7DD41 /* AddGarmentViewController.swift */; };
		836A54732930013C00F7DD41 /* User.swift in Sources */ = {isa = PBXBuildFile; fileRef = 836A54722930013B00F7DD41 /* User.swift */; };
		83E0A20C292C171E00040B13 /* AppDelegate.swift in Sources */ = {isa = PBXBuildFile; fileRef = 83E0A20B292C171E00040B13 /* AppDelegate.swift */; };
		83E0A20E292C171E00040B13 /* SceneDelegate.swift in Sources */ = {isa = PBXBuildFile; fileRef = 83E0A20D292C171E00040B13 /* SceneDelegate.swift */; };
		83E0A213292C171E00040B13 /* Main.storyboard in Resources */ = {isa = PBXBuildFile; fileRef = 83E0A211292C171E00040B13 /* Main.storyboard */; };
		83E0A215292C172000040B13 /* Assets.xcassets in Resources */ = {isa = PBXBuildFile; fileRef = 83E0A214292C172000040B13 /* Assets.xcassets */; };
		83E0A218292C172000040B13 /* LaunchScreen.storyboard in Resources */ = {isa = PBXBuildFile; fileRef = 83E0A216292C172000040B13 /* LaunchScreen.storyboard */; };
		83E0A223292C172000040B13 /* ShuKevinFinalProjectTests.swift in Sources */ = {isa = PBXBuildFile; fileRef = 83E0A222292C172000040B13 /* ShuKevinFinalProjectTests.swift */; };
		83E0A22D292C172000040B13 /* ShuKevinFinalProjectUITests.swift in Sources */ = {isa = PBXBuildFile; fileRef = 83E0A22C292C172000040B13 /* ShuKevinFinalProjectUITests.swift */; };
		83E0A22F292C172000040B13 /* ShuKevinFinalProjectUITestsLaunchTests.swift in Sources */ = {isa = PBXBuildFile; fileRef = 83E0A22E292C172000040B13 /* ShuKevinFinalProjectUITestsLaunchTests.swift */; };
		83E0A23F292C178300040B13 /* Garment.swift in Sources */ = {isa = PBXBuildFile; fileRef = 83E0A23E292C178300040B13 /* Garment.swift */; };
		83E0A246292C19A900040B13 /* Outfit.swift in Sources */ = {isa = PBXBuildFile; fileRef = 83E0A245292C19A900040B13 /* Outfit.swift */; };
		83E0A248292C1C1700040B13 /* LoginViewController.swift in Sources */ = {isa = PBXBuildFile; fileRef = 83E0A247292C1C1700040B13 /* LoginViewController.swift */; };
		83E0A24A292C661300040B13 /* ClothesModel.swift in Sources */ = {isa = PBXBuildFile; fileRef = 83E0A249292C661300040B13 /* ClothesModel.swift */; };
		83E0A24C292C6F2D00040B13 /* GoogleService-Info.plist in Resources */ = {isa = PBXBuildFile; fileRef = 83E0A24B292C6F2D00040B13 /* GoogleService-Info.plist */; };
		83E0A285292C7CEA00040B13 /* ClosetCollectionViewCell.swift in Sources */ = {isa = PBXBuildFile; fileRef = 83E0A284292C7CEA00040B13 /* ClosetCollectionViewCell.swift */; };
		83E0A287292C7E5700040B13 /* ClosetCollectionView.swift in Sources */ = {isa = PBXBuildFile; fileRef = 83E0A286292C7E5700040B13 /* ClosetCollectionView.swift */; };
/* End PBXBuildFile section */

/* Begin PBXContainerItemProxy section */
		83E0A21F292C172000040B13 /* PBXContainerItemProxy */ = {
			isa = PBXContainerItemProxy;
			containerPortal = 83E0A200292C171E00040B13 /* Project object */;
			proxyType = 1;
			remoteGlobalIDString = 83E0A207292C171E00040B13;
			remoteInfo = ShuKevinFinalProject;
		};
		83E0A229292C172000040B13 /* PBXContainerItemProxy */ = {
			isa = PBXContainerItemProxy;
			containerPortal = 83E0A200292C171E00040B13 /* Project object */;
			proxyType = 1;
			remoteGlobalIDString = 83E0A207292C171E00040B13;
			remoteInfo = ShuKevinFinalProject;
		};
/* End PBXContainerItemProxy section */

/* Begin PBXFileReference section */
		833ACB1D2931A3FE00D8823D /* TopsTableViewController.swift */ = {isa = PBXFileReference; lastKnownFileType = sourcecode.swift; path = TopsTableViewController.swift; sourceTree = "<group>"; };
		833ACB1F2931A44300D8823D /* AddOutfitViewController.swift */ = {isa = PBXFileReference; lastKnownFileType = sourcecode.swift; path = AddOutfitViewController.swift; sourceTree = "<group>"; };
		833ACB212931C37200D8823D /* BottomsTableViewController.swift */ = {isa = PBXFileReference; lastKnownFileType = sourcecode.swift; path = BottomsTableViewController.swift; sourceTree = "<group>"; };
		833ACB232931C3AC00D8823D /* ShoesTableViewController.swift */ = {isa = PBXFileReference; lastKnownFileType = sourcecode.swift; path = ShoesTableViewController.swift; sourceTree = "<group>"; };
		833ACB252931C3E300D8823D /* OuterwearTableViewController.swift */ = {isa = PBXFileReference; lastKnownFileType = sourcecode.swift; path = OuterwearTableViewController.swift; sourceTree = "<group>"; };
		833ACB292931C82000D8823D /* OutfitsCollectionView.swift */ = {isa = PBXFileReference; lastKnownFileType = sourcecode.swift; path = OutfitsCollectionView.swift; sourceTree = "<group>"; };
		833ACB2B2931C89300D8823D /* OutfitsCollectionViewCell.swift */ = {isa = PBXFileReference; lastKnownFileType = sourcecode.swift; path = OutfitsCollectionViewCell.swift; sourceTree = "<group>"; };
		833ACB2E2931D0DC00D8823D /* Weather.swift */ = {isa = PBXFileReference; lastKnownFileType = sourcecode.swift; path = Weather.swift; sourceTree = "<group>"; };
		833ACB302932A56C00D8823D /* GarmentTableViewCell.swift */ = {isa = PBXFileReference; lastKnownFileType = sourcecode.swift; path = GarmentTableViewCell.swift; sourceTree = "<group>"; };
		836A546C292DA13C00F7DD41 /* SignUpViewController.swift */ = {isa = PBXFileReference; lastKnownFileType = sourcecode.swift; path = SignUpViewController.swift; sourceTree = "<group>"; };
		836A546E292DA17B00F7DD41 /* WelcomeViewController.swift */ = {isa = PBXFileReference; lastKnownFileType = sourcecode.swift; path = WelcomeViewController.swift; sourceTree = "<group>"; };
		836A5470292F29DE00F7DD41 /* AddGarmentViewController.swift */ = {isa = PBXFileReference; lastKnownFileType = sourcecode.swift; path = AddGarmentViewController.swift; sourceTree = "<group>"; };
		836A54722930013B00F7DD41 /* User.swift */ = {isa = PBXFileReference; lastKnownFileType = sourcecode.swift; path = User.swift; sourceTree = "<group>"; };
		83E0A208292C171E00040B13 /* ShuKevinFinalProject.app */ = {isa = PBXFileReference; explicitFileType = wrapper.application; includeInIndex = 0; path = ShuKevinFinalProject.app; sourceTree = BUILT_PRODUCTS_DIR; };
		83E0A20B292C171E00040B13 /* AppDelegate.swift */ = {isa = PBXFileReference; lastKnownFileType = sourcecode.swift; path = AppDelegate.swift; sourceTree = "<group>"; };
		83E0A20D292C171E00040B13 /* SceneDelegate.swift */ = {isa = PBXFileReference; lastKnownFileType = sourcecode.swift; path = SceneDelegate.swift; sourceTree = "<group>"; };
		83E0A212292C171E00040B13 /* Base */ = {isa = PBXFileReference; lastKnownFileType = file.storyboard; name = Base; path = Base.lproj/Main.storyboard; sourceTree = "<group>"; };
		83E0A214292C172000040B13 /* Assets.xcassets */ = {isa = PBXFileReference; lastKnownFileType = folder.assetcatalog; path = Assets.xcassets; sourceTree = "<group>"; };
		83E0A217292C172000040B13 /* Base */ = {isa = PBXFileReference; lastKnownFileType = file.storyboard; name = Base; path = Base.lproj/LaunchScreen.storyboard; sourceTree = "<group>"; };
		83E0A219292C172000040B13 /* Info.plist */ = {isa = PBXFileReference; lastKnownFileType = text.plist.xml; path = Info.plist; sourceTree = "<group>"; };
		83E0A21E292C172000040B13 /* ShuKevinFinalProjectTests.xctest */ = {isa = PBXFileReference; explicitFileType = wrapper.cfbundle; includeInIndex = 0; path = ShuKevinFinalProjectTests.xctest; sourceTree = BUILT_PRODUCTS_DIR; };
		83E0A222292C172000040B13 /* ShuKevinFinalProjectTests.swift */ = {isa = PBXFileReference; lastKnownFileType = sourcecode.swift; path = ShuKevinFinalProjectTests.swift; sourceTree = "<group>"; };
		83E0A228292C172000040B13 /* ShuKevinFinalProjectUITests.xctest */ = {isa = PBXFileReference; explicitFileType = wrapper.cfbundle; includeInIndex = 0; path = ShuKevinFinalProjectUITests.xctest; sourceTree = BUILT_PRODUCTS_DIR; };
		83E0A22C292C172000040B13 /* ShuKevinFinalProjectUITests.swift */ = {isa = PBXFileReference; lastKnownFileType = sourcecode.swift; path = ShuKevinFinalProjectUITests.swift; sourceTree = "<group>"; };
		83E0A22E292C172000040B13 /* ShuKevinFinalProjectUITestsLaunchTests.swift */ = {isa = PBXFileReference; lastKnownFileType = sourcecode.swift; path = ShuKevinFinalProjectUITestsLaunchTests.swift; sourceTree = "<group>"; };
		83E0A23E292C178300040B13 /* Garment.swift */ = {isa = PBXFileReference; lastKnownFileType = sourcecode.swift; path = Garment.swift; sourceTree = "<group>"; };
		83E0A245292C19A900040B13 /* Outfit.swift */ = {isa = PBXFileReference; lastKnownFileType = sourcecode.swift; path = Outfit.swift; sourceTree = "<group>"; };
		83E0A247292C1C1700040B13 /* LoginViewController.swift */ = {isa = PBXFileReference; lastKnownFileType = sourcecode.swift; path = LoginViewController.swift; sourceTree = "<group>"; };
		83E0A249292C661300040B13 /* ClothesModel.swift */ = {isa = PBXFileReference; lastKnownFileType = sourcecode.swift; path = ClothesModel.swift; sourceTree = "<group>"; };
		83E0A24B292C6F2D00040B13 /* GoogleService-Info.plist */ = {isa = PBXFileReference; fileEncoding = 4; lastKnownFileType = text.plist.xml; path = "GoogleService-Info.plist"; sourceTree = "<group>"; };
		83E0A284292C7CEA00040B13 /* ClosetCollectionViewCell.swift */ = {isa = PBXFileReference; lastKnownFileType = sourcecode.swift; path = ClosetCollectionViewCell.swift; sourceTree = "<group>"; };
		83E0A286292C7E5700040B13 /* ClosetCollectionView.swift */ = {isa = PBXFileReference; lastKnownFileType = sourcecode.swift; path = ClosetCollectionView.swift; sourceTree = "<group>"; };
/* End PBXFileReference section */

/* Begin PBXFrameworksBuildPhase section */
		83E0A205292C171E00040B13 /* Frameworks */ = {
			isa = PBXFrameworksBuildPhase;
			buildActionMask = 2147483647;
			files = (
				836A5467292D90C700F7DD41 /* FirebaseAuth in Frameworks */,
				836A5469292D90C700F7DD41 /* FirebaseFirestoreSwift in Frameworks */,
				836A546B292D90C700F7DD41 /* FirebaseStorage in Frameworks */,
			);
			runOnlyForDeploymentPostprocessing = 0;
		};
		83E0A21B292C172000040B13 /* Frameworks */ = {
			isa = PBXFrameworksBuildPhase;
			buildActionMask = 2147483647;
			files = (
			);
			runOnlyForDeploymentPostprocessing = 0;
		};
		83E0A225292C172000040B13 /* Frameworks */ = {
			isa = PBXFrameworksBuildPhase;
			buildActionMask = 2147483647;
			files = (
			);
			runOnlyForDeploymentPostprocessing = 0;
		};
/* End PBXFrameworksBuildPhase section */

/* Begin PBXGroup section */
		83E0A1FF292C171E00040B13 = {
			isa = PBXGroup;
			children = (
				83E0A20A292C171E00040B13 /* ShuKevinFinalProject */,
				83E0A221292C172000040B13 /* ShuKevinFinalProjectTests */,
				83E0A22B292C172000040B13 /* ShuKevinFinalProjectUITests */,
				83E0A209292C171E00040B13 /* Products */,
			);
			sourceTree = "<group>";
		};
		83E0A209292C171E00040B13 /* Products */ = {
			isa = PBXGroup;
			children = (
				83E0A208292C171E00040B13 /* ShuKevinFinalProject.app */,
				83E0A21E292C172000040B13 /* ShuKevinFinalProjectTests.xctest */,
				83E0A228292C172000040B13 /* ShuKevinFinalProjectUITests.xctest */,
			);
			name = Products;
			sourceTree = "<group>";
		};
		83E0A20A292C171E00040B13 /* ShuKevinFinalProject */ = {
			isa = PBXGroup;
			children = (
				83E0A23D292C174700040B13 /* Controller */,
				83E0A23C292C173C00040B13 /* View */,
				83E0A23B292C173600040B13 /* Model */,
				83E0A219292C172000040B13 /* Info.plist */,
			);
			path = ShuKevinFinalProject;
			sourceTree = "<group>";
		};
		83E0A221292C172000040B13 /* ShuKevinFinalProjectTests */ = {
			isa = PBXGroup;
			children = (
				83E0A222292C172000040B13 /* ShuKevinFinalProjectTests.swift */,
			);
			path = ShuKevinFinalProjectTests;
			sourceTree = "<group>";
		};
		83E0A22B292C172000040B13 /* ShuKevinFinalProjectUITests */ = {
			isa = PBXGroup;
			children = (
				83E0A22C292C172000040B13 /* ShuKevinFinalProjectUITests.swift */,
				83E0A22E292C172000040B13 /* ShuKevinFinalProjectUITestsLaunchTests.swift */,
			);
			path = ShuKevinFinalProjectUITests;
			sourceTree = "<group>";
		};
		83E0A23B292C173600040B13 /* Model */ = {
			isa = PBXGroup;
			children = (
				83E0A23E292C178300040B13 /* Garment.swift */,
				83E0A245292C19A900040B13 /* Outfit.swift */,
				83E0A249292C661300040B13 /* ClothesModel.swift */,
				833ACB2E2931D0DC00D8823D /* Weather.swift */,
				836A54722930013B00F7DD41 /* User.swift */,
				83E0A24B292C6F2D00040B13 /* GoogleService-Info.plist */,
			);
			path = Model;
			sourceTree = "<group>";
		};
		83E0A23C292C173C00040B13 /* View */ = {
			isa = PBXGroup;
			children = (
				83E0A211292C171E00040B13 /* Main.storyboard */,
				83E0A214292C172000040B13 /* Assets.xcassets */,
				83E0A216292C172000040B13 /* LaunchScreen.storyboard */,
			);
			path = View;
			sourceTree = "<group>";
		};
		83E0A23D292C174700040B13 /* Controller */ = {
			isa = PBXGroup;
			children = (
				83E0A247292C1C1700040B13 /* LoginViewController.swift */,
				836A546E292DA17B00F7DD41 /* WelcomeViewController.swift */,
				83E0A20D292C171E00040B13 /* SceneDelegate.swift */,
				833ACB1D2931A3FE00D8823D /* TopsTableViewController.swift */,
				833ACB212931C37200D8823D /* BottomsTableViewController.swift */,
				833ACB302932A56C00D8823D /* GarmentTableViewCell.swift */,
				833ACB232931C3AC00D8823D /* ShoesTableViewController.swift */,
				833ACB252931C3E300D8823D /* OuterwearTableViewController.swift */,
				836A546C292DA13C00F7DD41 /* SignUpViewController.swift */,
				833ACB1F2931A44300D8823D /* AddOutfitViewController.swift */,
				836A5470292F29DE00F7DD41 /* AddGarmentViewController.swift */,
				83E0A20B292C171E00040B13 /* AppDelegate.swift */,
				83E0A284292C7CEA00040B13 /* ClosetCollectionViewCell.swift */,
				83E0A286292C7E5700040B13 /* ClosetCollectionView.swift */,
				833ACB292931C82000D8823D /* OutfitsCollectionView.swift */,
				833ACB2B2931C89300D8823D /* OutfitsCollectionViewCell.swift */,
			);
			path = Controller;
			sourceTree = "<group>";
		};
/* End PBXGroup section */

/* Begin PBXNativeTarget section */
		83E0A207292C171E00040B13 /* ShuKevinFinalProject */ = {
			isa = PBXNativeTarget;
			buildConfigurationList = 83E0A232292C172000040B13 /* Build configuration list for PBXNativeTarget "ShuKevinFinalProject" */;
			buildPhases = (
				83E0A204292C171E00040B13 /* Sources */,
				83E0A205292C171E00040B13 /* Frameworks */,
				83E0A206292C171E00040B13 /* Resources */,
			);
			buildRules = (
			);
			dependencies = (
			);
			name = ShuKevinFinalProject;
			packageProductDependencies = (
				836A5466292D90C700F7DD41 /* FirebaseAuth */,
				836A5468292D90C700F7DD41 /* FirebaseFirestoreSwift */,
				836A546A292D90C700F7DD41 /* FirebaseStorage */,
			);
			productName = ShuKevinFinalProject;
			productReference = 83E0A208292C171E00040B13 /* ShuKevinFinalProject.app */;
			productType = "com.apple.product-type.application";
		};
		83E0A21D292C172000040B13 /* ShuKevinFinalProjectTests */ = {
			isa = PBXNativeTarget;
			buildConfigurationList = 83E0A235292C172000040B13 /* Build configuration list for PBXNativeTarget "ShuKevinFinalProjectTests" */;
			buildPhases = (
				83E0A21A292C172000040B13 /* Sources */,
				83E0A21B292C172000040B13 /* Frameworks */,
				83E0A21C292C172000040B13 /* Resources */,
			);
			buildRules = (
			);
			dependencies = (
				83E0A220292C172000040B13 /* PBXTargetDependency */,
			);
			name = ShuKevinFinalProjectTests;
			productName = ShuKevinFinalProjectTests;
			productReference = 83E0A21E292C172000040B13 /* ShuKevinFinalProjectTests.xctest */;
			productType = "com.apple.product-type.bundle.unit-test";
		};
		83E0A227292C172000040B13 /* ShuKevinFinalProjectUITests */ = {
			isa = PBXNativeTarget;
			buildConfigurationList = 83E0A238292C172000040B13 /* Build configuration list for PBXNativeTarget "ShuKevinFinalProjectUITests" */;
			buildPhases = (
				83E0A224292C172000040B13 /* Sources */,
				83E0A225292C172000040B13 /* Frameworks */,
				83E0A226292C172000040B13 /* Resources */,
			);
			buildRules = (
			);
			dependencies = (
				83E0A22A292C172000040B13 /* PBXTargetDependency */,
			);
			name = ShuKevinFinalProjectUITests;
			productName = ShuKevinFinalProjectUITests;
			productReference = 83E0A228292C172000040B13 /* ShuKevinFinalProjectUITests.xctest */;
			productType = "com.apple.product-type.bundle.ui-testing";
		};
/* End PBXNativeTarget section */

/* Begin PBXProject section */
		83E0A200292C171E00040B13 /* Project object */ = {
			isa = PBXProject;
			attributes = {
				BuildIndependentTargetsInParallel = 1;
				LastSwiftUpdateCheck = 1320;
				LastUpgradeCheck = 1320;
				TargetAttributes = {
					83E0A207292C171E00040B13 = {
						CreatedOnToolsVersion = 13.2.1;
					};
					83E0A21D292C172000040B13 = {
						CreatedOnToolsVersion = 13.2.1;
						TestTargetID = 83E0A207292C171E00040B13;
					};
					83E0A227292C172000040B13 = {
						CreatedOnToolsVersion = 13.2.1;
						TestTargetID = 83E0A207292C171E00040B13;
					};
				};
			};
			buildConfigurationList = 83E0A203292C171E00040B13 /* Build configuration list for PBXProject "ShuKevinFinalProject" */;
			compatibilityVersion = "Xcode 13.0";
			developmentRegion = en;
			hasScannedForEncodings = 0;
			knownRegions = (
				en,
				Base,
			);
			mainGroup = 83E0A1FF292C171E00040B13;
			packageReferences = (
				836A5465292D90C700F7DD41 /* XCRemoteSwiftPackageReference "firebase-ios-sdk" */,
			);
			productRefGroup = 83E0A209292C171E00040B13 /* Products */;
			projectDirPath = "";
			projectRoot = "";
			targets = (
				83E0A207292C171E00040B13 /* ShuKevinFinalProject */,
				83E0A21D292C172000040B13 /* ShuKevinFinalProjectTests */,
				83E0A227292C172000040B13 /* ShuKevinFinalProjectUITests */,
			);
		};
/* End PBXProject section */

/* Begin PBXResourcesBuildPhase section */
		83E0A206292C171E00040B13 /* Resources */ = {
			isa = PBXResourcesBuildPhase;
			buildActionMask = 2147483647;
			files = (
				83E0A218292C172000040B13 /* LaunchScreen.storyboard in Resources */,
				83E0A24C292C6F2D00040B13 /* GoogleService-Info.plist in Resources */,
				83E0A215292C172000040B13 /* Assets.xcassets in Resources */,
				83E0A213292C171E00040B13 /* Main.storyboard in Resources */,
			);
			runOnlyForDeploymentPostprocessing = 0;
		};
		83E0A21C292C172000040B13 /* Resources */ = {
			isa = PBXResourcesBuildPhase;
			buildActionMask = 2147483647;
			files = (
			);
			runOnlyForDeploymentPostprocessing = 0;
		};
		83E0A226292C172000040B13 /* Resources */ = {
			isa = PBXResourcesBuildPhase;
			buildActionMask = 2147483647;
			files = (
			);
			runOnlyForDeploymentPostprocessing = 0;
		};
/* End PBXResourcesBuildPhase section */

/* Begin PBXSourcesBuildPhase section */
		83E0A204292C171E00040B13 /* Sources */ = {
			isa = PBXSourcesBuildPhase;
			buildActionMask = 2147483647;
			files = (
				83E0A24A292C661300040B13 /* ClothesModel.swift in Sources */,
				836A546F292DA17B00F7DD41 /* WelcomeViewController.swift in Sources */,
				833ACB242931C3AC00D8823D /* ShoesTableViewController.swift in Sources */,
				83E0A20C292C171E00040B13 /* AppDelegate.swift in Sources */,
				833ACB2F2931D0DC00D8823D /* Weather.swift in Sources */,
				83E0A23F292C178300040B13 /* Garment.swift in Sources */,
				83E0A285292C7CEA00040B13 /* ClosetCollectionViewCell.swift in Sources */,
				833ACB202931A44300D8823D /* AddOutfitViewController.swift in Sources */,
				833ACB1E2931A3FE00D8823D /* TopsTableViewController.swift in Sources */,
				83E0A248292C1C1700040B13 /* LoginViewController.swift in Sources */,
				833ACB312932A56C00D8823D /* GarmentTableViewCell.swift in Sources */,
				833ACB2A2931C82000D8823D /* OutfitsCollectionView.swift in Sources */,
				83E0A20E292C171E00040B13 /* SceneDelegate.swift in Sources */,
				833ACB2C2931C89300D8823D /* OutfitsCollectionViewCell.swift in Sources */,
				836A546D292DA13C00F7DD41 /* SignUpViewController.swift in Sources */,
				836A54732930013C00F7DD41 /* User.swift in Sources */,
				83E0A287292C7E5700040B13 /* ClosetCollectionView.swift in Sources */,
				836A5471292F29DE00F7DD41 /* AddGarmentViewController.swift in Sources */,
				833ACB262931C3E300D8823D /* OuterwearTableViewController.swift in Sources */,
				833ACB222931C37200D8823D /* BottomsTableViewController.swift in Sources */,
				83E0A246292C19A900040B13 /* Outfit.swift in Sources */,
			);
			runOnlyForDeploymentPostprocessing = 0;
		};
		83E0A21A292C172000040B13 /* Sources */ = {
			isa = PBXSourcesBuildPhase;
			buildActionMask = 2147483647;
			files = (
				83E0A223292C172000040B13 /* ShuKevinFinalProjectTests.swift in Sources */,
			);
			runOnlyForDeploymentPostprocessing = 0;
		};
		83E0A224292C172000040B13 /* Sources */ = {
			isa = PBXSourcesBuildPhase;
			buildActionMask = 2147483647;
			files = (
				83E0A22F292C172000040B13 /* ShuKevinFinalProjectUITestsLaunchTests.swift in Sources */,
				83E0A22D292C172000040B13 /* ShuKevinFinalProjectUITests.swift in Sources */,
			);
			runOnlyForDeploymentPostprocessing = 0;
		};
/* End PBXSourcesBuildPhase section */

/* Begin PBXTargetDependency section */
		83E0A220292C172000040B13 /* PBXTargetDependency */ = {
			isa = PBXTargetDependency;
			target = 83E0A207292C171E00040B13 /* ShuKevinFinalProject */;
			targetProxy = 83E0A21F292C172000040B13 /* PBXContainerItemProxy */;
		};
		83E0A22A292C172000040B13 /* PBXTargetDependency */ = {
			isa = PBXTargetDependency;
			target = 83E0A207292C171E00040B13 /* ShuKevinFinalProject */;
			targetProxy = 83E0A229292C172000040B13 /* PBXContainerItemProxy */;
		};
/* End PBXTargetDependency section */

/* Begin PBXVariantGroup section */
		83E0A211292C171E00040B13 /* Main.storyboard */ = {
			isa = PBXVariantGroup;
			children = (
				83E0A212292C171E00040B13 /* Base */,
			);
			name = Main.storyboard;
			sourceTree = "<group>";
		};
		83E0A216292C172000040B13 /* LaunchScreen.storyboard */ = {
			isa = PBXVariantGroup;
			children = (
				83E0A217292C172000040B13 /* Base */,
			);
			name = LaunchScreen.storyboard;
			sourceTree = "<group>";
		};
/* End PBXVariantGroup section */

/* Begin XCBuildConfiguration section */
		83E0A230292C172000040B13 /* Debug */ = {
			isa = XCBuildConfiguration;
			buildSettings = {
				ALWAYS_SEARCH_USER_PATHS = NO;
				CLANG_ANALYZER_NONNULL = YES;
				CLANG_ANALYZER_NUMBER_OBJECT_CONVERSION = YES_AGGRESSIVE;
				CLANG_CXX_LANGUAGE_STANDARD = "gnu++17";
				CLANG_CXX_LIBRARY = "libc++";
				CLANG_ENABLE_MODULES = YES;
				CLANG_ENABLE_OBJC_ARC = YES;
				CLANG_ENABLE_OBJC_WEAK = YES;
				CLANG_WARN_BLOCK_CAPTURE_AUTORELEASING = YES;
				CLANG_WARN_BOOL_CONVERSION = YES;
				CLANG_WARN_COMMA = YES;
				CLANG_WARN_CONSTANT_CONVERSION = YES;
				CLANG_WARN_DEPRECATED_OBJC_IMPLEMENTATIONS = YES;
				CLANG_WARN_DIRECT_OBJC_ISA_USAGE = YES_ERROR;
				CLANG_WARN_DOCUMENTATION_COMMENTS = YES;
				CLANG_WARN_EMPTY_BODY = YES;
				CLANG_WARN_ENUM_CONVERSION = YES;
				CLANG_WARN_INFINITE_RECURSION = YES;
				CLANG_WARN_INT_CONVERSION = YES;
				CLANG_WARN_NON_LITERAL_NULL_CONVERSION = YES;
				CLANG_WARN_OBJC_IMPLICIT_RETAIN_SELF = YES;
				CLANG_WARN_OBJC_LITERAL_CONVERSION = YES;
				CLANG_WARN_OBJC_ROOT_CLASS = YES_ERROR;
				CLANG_WARN_QUOTED_INCLUDE_IN_FRAMEWORK_HEADER = YES;
				CLANG_WARN_RANGE_LOOP_ANALYSIS = YES;
				CLANG_WARN_STRICT_PROTOTYPES = YES;
				CLANG_WARN_SUSPICIOUS_MOVE = YES;
				CLANG_WARN_UNGUARDED_AVAILABILITY = YES_AGGRESSIVE;
				CLANG_WARN_UNREACHABLE_CODE = YES;
				CLANG_WARN__DUPLICATE_METHOD_MATCH = YES;
				COPY_PHASE_STRIP = NO;
				DEBUG_INFORMATION_FORMAT = dwarf;
				ENABLE_STRICT_OBJC_MSGSEND = YES;
				ENABLE_TESTABILITY = YES;
				GCC_C_LANGUAGE_STANDARD = gnu11;
				GCC_DYNAMIC_NO_PIC = NO;
				GCC_NO_COMMON_BLOCKS = YES;
				GCC_OPTIMIZATION_LEVEL = 0;
				GCC_PREPROCESSOR_DEFINITIONS = (
					"DEBUG=1",
					"$(inherited)",
				);
				GCC_WARN_64_TO_32_BIT_CONVERSION = YES;
				GCC_WARN_ABOUT_RETURN_TYPE = YES_ERROR;
				GCC_WARN_UNDECLARED_SELECTOR = YES;
				GCC_WARN_UNINITIALIZED_AUTOS = YES_AGGRESSIVE;
				GCC_WARN_UNUSED_FUNCTION = YES;
				GCC_WARN_UNUSED_VARIABLE = YES;
				IPHONEOS_DEPLOYMENT_TARGET = 15.2;
				MTL_ENABLE_DEBUG_INFO = INCLUDE_SOURCE;
				MTL_FAST_MATH = YES;
				ONLY_ACTIVE_ARCH = YES;
				SDKROOT = iphoneos;
				SWIFT_ACTIVE_COMPILATION_CONDITIONS = DEBUG;
				SWIFT_OPTIMIZATION_LEVEL = "-Onone";
			};
			name = Debug;
		};
		83E0A231292C172000040B13 /* Release */ = {
			isa = XCBuildConfiguration;
			buildSettings = {
				ALWAYS_SEARCH_USER_PATHS = NO;
				CLANG_ANALYZER_NONNULL = YES;
				CLANG_ANALYZER_NUMBER_OBJECT_CONVERSION = YES_AGGRESSIVE;
				CLANG_CXX_LANGUAGE_STANDARD = "gnu++17";
				CLANG_CXX_LIBRARY = "libc++";
				CLANG_ENABLE_MODULES = YES;
				CLANG_ENABLE_OBJC_ARC = YES;
				CLANG_ENABLE_OBJC_WEAK = YES;
				CLANG_WARN_BLOCK_CAPTURE_AUTORELEASING = YES;
				CLANG_WARN_BOOL_CONVERSION = YES;
				CLANG_WARN_COMMA = YES;
				CLANG_WARN_CONSTANT_CONVERSION = YES;
				CLANG_WARN_DEPRECATED_OBJC_IMPLEMENTATIONS = YES;
				CLANG_WARN_DIRECT_OBJC_ISA_USAGE = YES_ERROR;
				CLANG_WARN_DOCUMENTATION_COMMENTS = YES;
				CLANG_WARN_EMPTY_BODY = YES;
				CLANG_WARN_ENUM_CONVERSION = YES;
				CLANG_WARN_INFINITE_RECURSION = YES;
				CLANG_WARN_INT_CONVERSION = YES;
				CLANG_WARN_NON_LITERAL_NULL_CONVERSION = YES;
				CLANG_WARN_OBJC_IMPLICIT_RETAIN_SELF = YES;
				CLANG_WARN_OBJC_LITERAL_CONVERSION = YES;
				CLANG_WARN_OBJC_ROOT_CLASS = YES_ERROR;
				CLANG_WARN_QUOTED_INCLUDE_IN_FRAMEWORK_HEADER = YES;
				CLANG_WARN_RANGE_LOOP_ANALYSIS = YES;
				CLANG_WARN_STRICT_PROTOTYPES = YES;
				CLANG_WARN_SUSPICIOUS_MOVE = YES;
				CLANG_WARN_UNGUARDED_AVAILABILITY = YES_AGGRESSIVE;
				CLANG_WARN_UNREACHABLE_CODE = YES;
				CLANG_WARN__DUPLICATE_METHOD_MATCH = YES;
				COPY_PHASE_STRIP = NO;
				DEBUG_INFORMATION_FORMAT = "dwarf-with-dsym";
				ENABLE_NS_ASSERTIONS = NO;
				ENABLE_STRICT_OBJC_MSGSEND = YES;
				GCC_C_LANGUAGE_STANDARD = gnu11;
				GCC_NO_COMMON_BLOCKS = YES;
				GCC_WARN_64_TO_32_BIT_CONVERSION = YES;
				GCC_WARN_ABOUT_RETURN_TYPE = YES_ERROR;
				GCC_WARN_UNDECLARED_SELECTOR = YES;
				GCC_WARN_UNINITIALIZED_AUTOS = YES_AGGRESSIVE;
				GCC_WARN_UNUSED_FUNCTION = YES;
				GCC_WARN_UNUSED_VARIABLE = YES;
				IPHONEOS_DEPLOYMENT_TARGET = 15.2;
				MTL_ENABLE_DEBUG_INFO = NO;
				MTL_FAST_MATH = YES;
				SDKROOT = iphoneos;
				SWIFT_COMPILATION_MODE = wholemodule;
				SWIFT_OPTIMIZATION_LEVEL = "-O";
				VALIDATE_PRODUCT = YES;
			};
			name = Release;
		};
		83E0A233292C172000040B13 /* Debug */ = {
			isa = XCBuildConfiguration;
			buildSettings = {
				ASSETCATALOG_COMPILER_APPICON_NAME = AppIcon;
				ASSETCATALOG_COMPILER_GLOBAL_ACCENT_COLOR_NAME = AccentColor;
				CODE_SIGN_STYLE = Automatic;
				CURRENT_PROJECT_VERSION = 1;
				DEVELOPMENT_TEAM = 9PN9QG9F97;
				GENERATE_INFOPLIST_FILE = YES;
				INFOPLIST_FILE = ShuKevinFinalProject/Info.plist;
				INFOPLIST_KEY_CFBundleDisplayName = OOTD;
				INFOPLIST_KEY_NSCameraUsageDescription = "Take Photos of Clothing";
				INFOPLIST_KEY_NSLocationWhenInUseUsageDescription = "Gettng location briefly to determine weather in user location";
				INFOPLIST_KEY_NSPhotoLibraryUsageDescription = "Choose photos of clothing";
				INFOPLIST_KEY_UIApplicationSupportsIndirectInputEvents = YES;
				INFOPLIST_KEY_UILaunchStoryboardName = LaunchScreen;
				INFOPLIST_KEY_UIMainStoryboardFile = Main;
				INFOPLIST_KEY_UISupportedInterfaceOrientations = UIInterfaceOrientationPortrait;
				LD_RUNPATH_SEARCH_PATHS = (
					"$(inherited)",
					"@executable_path/Frameworks",
				);
				MARKETING_VERSION = 1.0;
				PRODUCT_BUNDLE_IDENTIFIER = Kevin.ShuKevinFinalProject;
				PRODUCT_NAME = "$(TARGET_NAME)";
				SUPPORTED_PLATFORMS = "iphoneos iphonesimulator";
				SUPPORTS_MACCATALYST = NO;
				SUPPORTS_MAC_DESIGNED_FOR_IPHONE_IPAD = NO;
				SWIFT_EMIT_LOC_STRINGS = YES;
				SWIFT_VERSION = 5.0;
				TARGETED_DEVICE_FAMILY = 1;
			};
			name = Debug;
		};
		83E0A234292C172000040B13 /* Release */ = {
			isa = XCBuildConfiguration;
			buildSettings = {
				ASSETCATALOG_COMPILER_APPICON_NAME = AppIcon;
				ASSETCATALOG_COMPILER_GLOBAL_ACCENT_COLOR_NAME = AccentColor;
				CODE_SIGN_STYLE = Automatic;
				CURRENT_PROJECT_VERSION = 1;
				DEVELOPMENT_TEAM = 9PN9QG9F97;
				GENERATE_INFOPLIST_FILE = YES;
				INFOPLIST_FILE = ShuKevinFinalProject/Info.plist;
				INFOPLIST_KEY_CFBundleDisplayName = OOTD;
				INFOPLIST_KEY_NSCameraUsageDescription = "Take Photos of Clothing";
				INFOPLIST_KEY_NSLocationWhenInUseUsageDescription = "Gettng location briefly to determine weather in user location";
				INFOPLIST_KEY_NSPhotoLibraryUsageDescription = "Choose photos of clothing";
				INFOPLIST_KEY_UIApplicationSupportsIndirectInputEvents = YES;
				INFOPLIST_KEY_UILaunchStoryboardName = LaunchScreen;
				INFOPLIST_KEY_UIMainStoryboardFile = Main;
				INFOPLIST_KEY_UISupportedInterfaceOrientations = UIInterfaceOrientationPortrait;
				LD_RUNPATH_SEARCH_PATHS = (
					"$(inherited)",
					"@executable_path/Frameworks",
				);
				MARKETING_VERSION = 1.0;
				PRODUCT_BUNDLE_IDENTIFIER = Kevin.ShuKevinFinalProject;
				PRODUCT_NAME = "$(TARGET_NAME)";
				SUPPORTED_PLATFORMS = "iphoneos iphonesimulator";
				SUPPORTS_MACCATALYST = NO;
				SUPPORTS_MAC_DESIGNED_FOR_IPHONE_IPAD = NO;
				SWIFT_EMIT_LOC_STRINGS = YES;
				SWIFT_VERSION = 5.0;
				TARGETED_DEVICE_FAMILY = 1;
			};
			name = Release;
		};
		83E0A236292C172000040B13 /* Debug */ = {
			isa = XCBuildConfiguration;
			buildSettings = {
				ALWAYS_EMBED_SWIFT_STANDARD_LIBRARIES = YES;
				BUNDLE_LOADER = "$(TEST_HOST)";
				CODE_SIGN_STYLE = Automatic;
				CURRENT_PROJECT_VERSION = 1;
				GENERATE_INFOPLIST_FILE = YES;
				IPHONEOS_DEPLOYMENT_TARGET = 15.2;
				MARKETING_VERSION = 1.0;
				PRODUCT_BUNDLE_IDENTIFIER = Kevin.ShuKevinFinalProjectTests;
				PRODUCT_NAME = "$(TARGET_NAME)";
				SWIFT_EMIT_LOC_STRINGS = NO;
				SWIFT_VERSION = 5.0;
				TARGETED_DEVICE_FAMILY = "1,2";
				TEST_HOST = "$(BUILT_PRODUCTS_DIR)/ShuKevinFinalProject.app/ShuKevinFinalProject";
			};
			name = Debug;
		};
		83E0A237292C172000040B13 /* Release */ = {
			isa = XCBuildConfiguration;
			buildSettings = {
				ALWAYS_EMBED_SWIFT_STANDARD_LIBRARIES = YES;
				BUNDLE_LOADER = "$(TEST_HOST)";
				CODE_SIGN_STYLE = Automatic;
				CURRENT_PROJECT_VERSION = 1;
				GENERATE_INFOPLIST_FILE = YES;
				IPHONEOS_DEPLOYMENT_TARGET = 15.2;
				MARKETING_VERSION = 1.0;
				PRODUCT_BUNDLE_IDENTIFIER = Kevin.ShuKevinFinalProjectTests;
				PRODUCT_NAME = "$(TARGET_NAME)";
				SWIFT_EMIT_LOC_STRINGS = NO;
				SWIFT_VERSION = 5.0;
				TARGETED_DEVICE_FAMILY = "1,2";
				TEST_HOST = "$(BUILT_PRODUCTS_DIR)/ShuKevinFinalProject.app/ShuKevinFinalProject";
			};
			name = Release;
		};
		83E0A239292C172000040B13 /* Debug */ = {
			isa = XCBuildConfiguration;
			buildSettings = {
				ALWAYS_EMBED_SWIFT_STANDARD_LIBRARIES = YES;
				CODE_SIGN_STYLE = Automatic;
				CURRENT_PROJECT_VERSION = 1;
				GENERATE_INFOPLIST_FILE = YES;
				MARKETING_VERSION = 1.0;
				PRODUCT_BUNDLE_IDENTIFIER = Kevin.ShuKevinFinalProjectUITests;
				PRODUCT_NAME = "$(TARGET_NAME)";
				SWIFT_EMIT_LOC_STRINGS = NO;
				SWIFT_VERSION = 5.0;
				TARGETED_DEVICE_FAMILY = "1,2";
				TEST_TARGET_NAME = ShuKevinFinalProject;
			};
			name = Debug;
		};
		83E0A23A292C172000040B13 /* Release */ = {
			isa = XCBuildConfiguration;
			buildSettings = {
				ALWAYS_EMBED_SWIFT_STANDARD_LIBRARIES = YES;
				CODE_SIGN_STYLE = Automatic;
				CURRENT_PROJECT_VERSION = 1;
				GENERATE_INFOPLIST_FILE = YES;
				MARKETING_VERSION = 1.0;
				PRODUCT_BUNDLE_IDENTIFIER = Kevin.ShuKevinFinalProjectUITests;
				PRODUCT_NAME = "$(TARGET_NAME)";
				SWIFT_EMIT_LOC_STRINGS = NO;
				SWIFT_VERSION = 5.0;
				TARGETED_DEVICE_FAMILY = "1,2";
				TEST_TARGET_NAME = ShuKevinFinalProject;
			};
			name = Release;
		};
/* End XCBuildConfiguration section */

/* Begin XCConfigurationList section */
		83E0A203292C171E00040B13 /* Build configuration list for PBXProject "ShuKevinFinalProject" */ = {
			isa = XCConfigurationList;
			buildConfigurations = (
				83E0A230292C172000040B13 /* Debug */,
				83E0A231292C172000040B13 /* Release */,
			);
			defaultConfigurationIsVisible = 0;
			defaultConfigurationName = Release;
		};
		83E0A232292C172000040B13 /* Build configuration list for PBXNativeTarget "ShuKevinFinalProject" */ = {
			isa = XCConfigurationList;
			buildConfigurations = (
				83E0A233292C172000040B13 /* Debug */,
				83E0A234292C172000040B13 /* Release */,
			);
			defaultConfigurationIsVisible = 0;
			defaultConfigurationName = Release;
		};
		83E0A235292C172000040B13 /* Build configuration list for PBXNativeTarget "ShuKevinFinalProjectTests" */ = {
			isa = XCConfigurationList;
			buildConfigurations = (
				83E0A236292C172000040B13 /* Debug */,
				83E0A237292C172000040B13 /* Release */,
			);
			defaultConfigurationIsVisible = 0;
			defaultConfigurationName = Release;
		};
		83E0A238292C172000040B13 /* Build configuration list for PBXNativeTarget "ShuKevinFinalProjectUITests" */ = {
			isa = XCConfigurationList;
			buildConfigurations = (
				83E0A239292C172000040B13 /* Debug */,
				83E0A23A292C172000040B13 /* Release */,
			);
			defaultConfigurationIsVisible = 0;
			defaultConfigurationName = Release;
		};
/* End XCConfigurationList section */

/* Begin XCRemoteSwiftPackageReference section */
		836A5465292D90C700F7DD41 /* XCRemoteSwiftPackageReference "firebase-ios-sdk" */ = {
			isa = XCRemoteSwiftPackageReference;
			repositoryURL = "https://github.com/firebase/firebase-ios-sdk";
			requirement = {
				branch = master;
				kind = branch;
			};
		};
/* End XCRemoteSwiftPackageReference section */

/* Begin XCSwiftPackageProductDependency section */
		836A5466292D90C700F7DD41 /* FirebaseAuth */ = {
			isa = XCSwiftPackageProductDependency;
			package = 836A5465292D90C700F7DD41 /* XCRemoteSwiftPackageReference "firebase-ios-sdk" */;
			productName = FirebaseAuth;
		};
		836A5468292D90C700F7DD41 /* FirebaseFirestoreSwift */ = {
			isa = XCSwiftPackageProductDependency;
			package = 836A5465292D90C700F7DD41 /* XCRemoteSwiftPackageReference "firebase-ios-sdk" */;
			productName = FirebaseFirestoreSwift;
		};
		836A546A292D90C700F7DD41 /* FirebaseStorage */ = {
			isa = XCSwiftPackageProductDependency;
			package = 836A5465292D90C700F7DD41 /* XCRemoteSwiftPackageReference "firebase-ios-sdk" */;
			productName = FirebaseStorage;
		};
/* End XCSwiftPackageProductDependency section */
	};
	rootObject = 83E0A200292C171E00040B13 /* Project object */;
}
